github.com/BurntSushi/toml v0.3.1 h1:WXkYYl6Yr3qBf1K79EBnL4mak0OimBfB0XUf9Vl28OQ=
github.com/BurntSushi/toml v0.3.1/go.mod h1:xHWCNGjB5oqiDr8zfno3MHue2Ht5sIBksp03qcyfWMU=
github.com/beorn7/perks v0.0.0-20160229213445-3ac7bf7a47d1 h1:OnJHjoVbY69GG4gclp0ngXfywigLhR6rrgUxmxQRWO4=
github.com/beorn7/perks v0.0.0-20160229213445-3ac7bf7a47d1/go.mod h1:Dwedo/Wpr24TaqPxmxbtue+5NUziq4I4S80YR8gNf3Q=
github.com/coreos/go-oidc v0.0.0-20170119174436-2cc7913f9f6f h1:M6NCFw9bacbe5kX3UgfMJIVQX8lGcW8PrjDu7mlAVGE=
github.com/coreos/go-oidc v0.0.0-20170119174436-2cc7913f9f6f/go.mod h1:CgnwVTmzoESiwO9qyAFEMiHoZ1nMCKZlZ9V6mm3/LKc=
github.com/davecgh/go-spew v1.1.1 h1:vj9j/u1bqnvCEfJOwUhtlOARqs3+rkHYY13jYWTU97c=
github.com/davecgh/go-spew v1.1.1/go.mod h1:J7Y8YcW2NihsgmVo/mv3lAwl/skON4iLHjSsI+c5H38=
github.com/frankban/quicktest v0.8.0/go.mod h1:1Bb+ZdFimNFekaSbjJw9uAMDBC4SvpBzuk2wc0U1Dqk=
github.com/frankban/quicktest v1.1.0 h1:Fw/voXLo2r0Tvu5uy/GV/W5XpT7LYfbrqottX3kz8YE=
github.com/frankban/quicktest v1.1.0/go.mod h1:R98jIehRai+d1/3Hv2//jOVCTJhW1VBavT6B6CuGq2k=
github.com/frankban/quicktest v1.2.2 h1:xfmOhhoH5fGPgbEAlhLpJH9p0z/0Qizio9osmvn9IUY=
github.com/frankban/quicktest v1.2.2/go.mod h1:Qh/WofXFeiAFII1aEBu529AtJo6Zg2VHscnEsbBnJ20=
github.com/garyburd/go-oauth v0.0.0-20150329160146-3131beb69b81 h1:9VAI9i6YE9o+FvpODDCximEQgNEUijBl8cGSlbk/MUA=
github.com/garyburd/go-oauth v0.0.0-20150329160146-3131beb69b81/go.mod h1:HfkOCN6fkKKaPSAeNq/er3xObxTW4VLeY6UUK895gLQ=
github.com/golang/protobuf v1.0.0/go.mod h1:6lQm79b+lXiMfvg/cZm0SGofjICqVBUtrP5yJMmIC1U=
github.com/golang/protobuf v1.2.0 h1:P3YflyNX/ehuJFLhxviNdFxQPkGK5cDcApsge1SqnvM=
github.com/golang/protobuf v1.2.0/go.mod h1:6lQm79b+lXiMfvg/cZm0SGofjICqVBUtrP5yJMmIC1U=
github.com/google/go-cmp v0.1.0/go.mod h1:oXzfMopK8JAjlY9xF4vHSVASa0yLyX7SntLO5aqRK0M=
github.com/google/go-cmp v0.2.0 h1:+dTQ8DZQJz0Mb/HjFlkptS1FeQ4cWSnN941F8aEG4SQ=
github.com/google/go-cmp v0.2.0/go.mod h1:oXzfMopK8JAjlY9xF4vHSVASa0yLyX7SntLO5aqRK0M=
github.com/google/go-cmp v0.2.1-0.20190312032427-6f77996f0c42 h1:q3pnF5JFBNRz8sRD+IRj7Y6DMyYGTNqnZ9axTbSfoNI=
github.com/google/go-cmp v0.2.1-0.20190312032427-6f77996f0c42/go.mod h1:8QqcDgzrUqlUb/G2PQTWiueGozuR1884gddMywk6iLU=
github.com/gorilla/handlers v0.0.0-20170224193955-13d73096a474 h1:KNovrfevBTefw9X8FKnoaKhKOc+UWmGsQRsiZRTkGl4=
github.com/gorilla/handlers v0.0.0-20170224193955-13d73096a474/go.mod h1:Qkdc/uu4tH4g6mTK6auzZ766c4CA0Ng8+o/OAirnOIQ=
github.com/juju/aclstore v0.0.0-20180706073322-7fc1cdaacf01 h1:qwDi3zM95QY60m/QZbRfS2R3hq32ErhgS7P5eif2FzY=
github.com/juju/aclstore v0.0.0-20180706073322-7fc1cdaacf01/go.mod h1:lc7sYY75J3ADVge1FzXFffBxJJJyfFB8d50RB1WmnzE=
github.com/juju/aclstore/v2 v2.0.0-alpha2 h1:TvopxnbXsYuBcN65Bbu6pHOrVMabGiw1MrXmqpsH3Nw=
github.com/juju/aclstore/v2 v2.0.0-alpha2/go.mod h1:Os/z95fa0dCv0S+GalNlIuQBzIUpNTf541B/3z4ze7c=
github.com/juju/ansiterm v0.0.0-20180109212912-720a0952cc2a h1:FaWFmfWdAUKbSCtOU2QjDaorUexogfaMgbipgYATUMU=
github.com/juju/ansiterm v0.0.0-20180109212912-720a0952cc2a/go.mod h1:UJSiEoRfvx3hP73CvoARgeLjaIOjybY9vj8PUPPFGeU=
github.com/juju/clock v0.0.0-20180808021310-bab88fc67299 h1:K9nBHQ3UNqg/HhZkQnGG2AE4YxDyNmGS9FFT2gGegLQ=
github.com/juju/clock v0.0.0-20180808021310-bab88fc67299/go.mod h1:nD0vlnrUjcjJhqN5WuCWZyzfd5AHZAC9/ajvbSx69xA=
github.com/juju/cmd v0.0.0-20180424151504-9ce53c6f9d00 h1:7S+FutBbPdRDL9tMG7WvPDu3Nw0PwAYAxNm0y4n8uL0=
github.com/juju/cmd v0.0.0-20180424151504-9ce53c6f9d00/go.mod h1:yWJQHl73rdSX4DHVKGqkAip+huBslxRwS8m9CrOLq18=
github.com/juju/errors v0.0.0-20170703010042-c7d06af17c68/go.mod h1:W54LbzXuIE0boCoNJfwqpmkKJ1O4TCTZMetAt6jGk7Q=
github.com/juju/errors v0.0.0-20180806074554-22422dad46e1 h1:wnhMXidtb70kDZCeLt/EfsVtkXS5c8zLnE9y/6DIRAU=
github.com/juju/errors v0.0.0-20180806074554-22422dad46e1/go.mod h1:W54LbzXuIE0boCoNJfwqpmkKJ1O4TCTZMetAt6jGk7Q=
github.com/juju/gnuflag v0.0.0-20171113085948-2ce1bb71843d h1:c93kUJDtVAXFEhsCh5jSxyOJmFHuzcihnslQiX8Urwo=
github.com/juju/gnuflag v0.0.0-20171113085948-2ce1bb71843d/go.mod h1:2PavIy+JPciBPrBUjwbNvtwB6RQlve+hkpll6QSNmOE=
github.com/juju/go4 v0.0.0-20160222163258-40d72ab9641a h1:45JtCyuNYE+QN9aPuR1ID9++BQU+NMTMudHSuaK0Las=
github.com/juju/go4 v0.0.0-20160222163258-40d72ab9641a/go.mod h1:RVHtZuvrpETIepiNUrNlih2OynoFf1eM6DGC6dloXzk=
github.com/juju/httpprof v0.0.0-20141217160036-14bf14c30767 h1:COsaGcfAONDdIDnGS8yFdxOyReP7zKQEr7jFzCHKDkM=
github.com/juju/httpprof v0.0.0-20141217160036-14bf14c30767/go.mod h1:+MaLYz4PumRkkyHYeXJ2G5g5cIW0sli2bOfpmbaMV/g=
github.com/juju/loggo v0.0.0-20170605014607-8232ab8918d9/go.mod h1:vgyd7OREkbtVEN/8IXZe5Ooef3LQePvuBm9UWj6ZL8U=
github.com/juju/loggo v0.0.0-20180524022052-584905176618 h1:MK144iBQF9hTSwBW/9eJm034bVoG30IshVm688T2hi8=
github.com/juju/loggo v0.0.0-20180524022052-584905176618/go.mod h1:vgyd7OREkbtVEN/8IXZe5Ooef3LQePvuBm9UWj6ZL8U=
github.com/juju/mgotest v1.0.1 h1:XvuZ2whmkHZ5G+Y/wQaSe28p2FyTwcBaqTzStn+QaLc=
github.com/juju/mgotest v1.0.1/go.mod h1:vTaDufYul+Ps8D7bgseHjq87X8eu0ivlKLp9mVc/Bfc=
github.com/juju/names v0.0.0-20160330150533-8a0aa0963bba h1:a4/2xQWIpBHUWE3q8M6T7lt7EEPejb3cFjm4hdp+IdY=
github.com/juju/names v0.0.0-20160330150533-8a0aa0963bba/go.mod h1:TsJFq2EFrT7gNhdECy4H2dRN7rcDlMwfOkdIQdXrhYc=
github.com/juju/persistent-cookiejar v0.0.0-20170428161559-d67418f14c93 h1:nlmpG1/Pv5elsi69wXhLkBhefGPE19bOCJ/xVwovl7A=
github.com/juju/persistent-cookiejar v0.0.0-20170428161559-d67418f14c93/go.mod h1:zrbmo4nBKaiP/Ez3F67ewkMbzGYfXyMvRtbOfuAwG0w=
github.com/juju/postgrestest v0.0.0-20180111150307-95c1ddb2775d h1:Aj3C2L+njWUhZx7TxYhAlDTJ8pfHbAAbsq3lKbhGmA4=
github.com/juju/postgrestest v0.0.0-20180111150307-95c1ddb2775d/go.mod h1:OJ5WVbmFsSek/c99mlrhDWmFCKYRQgDx24upObIJkZA=
github.com/juju/qthttptest v0.0.1 h1:pR8nTl6Uo/iI6/ynQf5Cxy9FEICXzaa83NtrBdGMCVQ=
github.com/juju/qthttptest v0.0.1/go.mod h1://LCf/Ls22/rPw2u1yWukUJvYtfPY4nYpWUl2uZhryo=
github.com/juju/retry v0.0.0-20151029024821-62c620325291/go.mod h1:OohPQGsr4pnxwD5YljhQ+TZnuVRYpa5irjugL1Yuif4=
github.com/juju/retry v0.0.0-20180821225755-9058e192b216 h1:/eQL7EJQKFHByJe3DeE8Z36yqManj9UY5zppDoQi4FU=
github.com/juju/retry v0.0.0-20180821225755-9058e192b216/go.mod h1:OohPQGsr4pnxwD5YljhQ+TZnuVRYpa5irjugL1Yuif4=
github.com/juju/schema v0.0.0-20160420044203-075de04f9b7d/go.mod h1:7dL+43wADDfx5rD9ibr5H9Dgr4iOM3uHOa1i4IVLak8=
github.com/juju/schema v0.0.0-20180109041850-e4f08199aa80 h1:zZbJxnEdj3Qtgp4V604CYw6kudIbcf1oOliipA0hl/g=
github.com/juju/schema v0.0.0-20180109041850-e4f08199aa80/go.mod h1:7dL+43wADDfx5rD9ibr5H9Dgr4iOM3uHOa1i4IVLak8=
github.com/juju/simplekv v0.0.0-20180621131307-362a422e1a65/go.mod h1:eWPdApRHN/6DFoA1oVogxdFv+buyFOcPX+2o02pf8hI=
github.com/juju/simplekv v0.0.0-20180621131638-ff82918775e5 h1:e17bPQRWstiaSDZBVOHfDCl770ycGEIN6ef0WlHpYA0=
github.com/juju/simplekv v0.0.0-20180621131638-ff82918775e5/go.mod h1:eWPdApRHN/6DFoA1oVogxdFv+buyFOcPX+2o02pf8hI=
github.com/juju/testing v0.0.0-20180213134616-43f926548f91/go.mod h1:63prj8cnj0tU0S9OHjGJn+b1h0ZghCndfnbQolrYTwA=
github.com/juju/testing v0.0.0-20180920084828-472a3e8b2073 h1:WQM1NildKThwdP7qWrNAFGzp4ijNLw8RlgENkaI4MJs=
github.com/juju/testing v0.0.0-20180920084828-472a3e8b2073/go.mod h1:63prj8cnj0tU0S9OHjGJn+b1h0ZghCndfnbQolrYTwA=
github.com/juju/usso v0.0.0-20160418121039-5b79b358f4bb h1:GC6ZmfS2OyVW/psihH/NrsDWUO2DOfOdPOVXeJc36Pk=
github.com/juju/usso v0.0.0-20160418121039-5b79b358f4bb/go.mod h1:sHjHrlB/5phHrKswH7VZpKFJhg4RcqsFDR27U3GKViI=
github.com/juju/utils v0.0.0-20180207021810-d18e608d0140/go.mod h1:6/KLg8Wz/y2KVGWEpkK9vMNGkOnu4k/cqs8Z1fKjTOk=
github.com/juju/utils v0.0.0-20180820210520-bf9cc5bdd62d h1:irPlN9z5VCe6BTsqVsxheCZH99OFSmqSVyTigW4mEoY=
github.com/juju/utils v0.0.0-20180820210520-bf9cc5bdd62d/go.mod h1:6/KLg8Wz/y2KVGWEpkK9vMNGkOnu4k/cqs8Z1fKjTOk=
github.com/juju/version v0.0.0-20161031051906-1f41e27e54f2/go.mod h1:kE8gK5X0CImdr7qpSKl3xB2PmpySSmfj7zVbkZFs81U=
github.com/juju/version v0.0.0-20180108022336-b64dbd566305 h1:lQxPJ1URr2fjsKnJRt/BxiIxjLt9IKGvS+0injMHbag=
github.com/juju/version v0.0.0-20180108022336-b64dbd566305/go.mod h1:kE8gK5X0CImdr7qpSKl3xB2PmpySSmfj7zVbkZFs81U=
github.com/juju/webbrowser v0.0.0-20160309143629-54b8c57083b4 h1:go1FDIXkFL8AUWgJ7B68rtFWCidyrMfZH9x3xwFK74s=
github.com/juju/webbrowser v0.0.0-20160309143629-54b8c57083b4/go.mod h1:G6PCelgkM6cuvyD10iYJsjLBsSadVXtJ+nBxFAxE2BU=
github.com/julienschmidt/httprouter v0.0.0-20151013225520-77a895ad01eb h1:a8sYyruWLyKeMay8GPF+nwZ36xT7A0oNyn68Q6wJ5cc=
github.com/julienschmidt/httprouter v0.0.0-20151013225520-77a895ad01eb/go.mod h1:SYymIcj16QtmaHHD7aYtjjsJG7VTCxuUUipMqKk8s4w=
github.com/kr/pretty v0.0.0-20160823170715-cfb55aafdaf3/go.mod h1:Bvhd+E3laJ0AVkG0c9rmtZcnhV0HQ3+c3YxxqTvc/gA=
github.com/kr/pretty v0.1.0 h1:L/CwN0zerZDmRFUapSPitk6f+Q3+0za1rQkzVuMiMFI=
github.com/kr/pretty v0.1.0/go.mod h1:dAy3ld7l9f0ibDNOQOHHMYYIIbhfbHSm3C4ZsoJORNo=
github.com/kr/pty v1.1.1/go.mod h1:pFQYn66WHrOpPYNljwOMqo10TkYh1fy3cYio2l3bCsQ=
github.com/kr/text v0.0.0-20160504234017-7cafcd837844/go.mod h1:sjUstKUATFIcff4qlB53Kml0wQPtJVc/3fWrmuUmcfA=
github.com/kr/text v0.1.0 h1:45sCR5RtlFHMR4UwH9sdQ5TC8v0qDQCHnXt+kaKSTVE=
github.com/kr/text v0.1.0/go.mod h1:4Jbv+DJW3UT/LiOwJeYQe1efqtUx/iVham/4vfdArNI=
github.com/lib/pq v0.0.0-20171126050459-83612a56d3dd h1:2RDaVc4/izhWyAvYxNm8c9saSyCDIxefNwOcqaH7pcU=
github.com/lib/pq v0.0.0-20171126050459-83612a56d3dd/go.mod h1:5WUZQaWbwv1U+lTReE5YruASi9Al49XbQIvNi/34Woo=
github.com/lunixbochs/vtclean v0.0.0-20180621232353-2d01aacdc34a h1:weJVJJRzAJBFRlAiJQROKQs8oC9vOxvm4rZmBBk0ONw=
github.com/lunixbochs/vtclean v0.0.0-20180621232353-2d01aacdc34a/go.mod h1:pHhQNgMf3btfWnGBVipUOjRYhoOsdGqdm/+2c2E2WMI=
github.com/mattn/go-colorable v0.0.9 h1:UVL0vNpWh04HeJXV0KLcaT7r06gOH2l4OW6ddYRUIY4=
github.com/mattn/go-colorable v0.0.9/go.mod h1:9vuHe8Xs5qXnSaW/c/ABM9alt+Vo+STaOChaDxuIBZU=
github.com/mattn/go-isatty v0.0.4 h1:bnP0vzxcAdeI1zdubAl5PjU6zsERjGZb7raWodagDYs=
github.com/mattn/go-isatty v0.0.4/go.mod h1:M+lRXTBqGeGNdLjl/ufCoiOlB5xdOkqRJdNxMWT7Zi4=
github.com/matttproud/golang_protobuf_extensions v1.0.1 h1:4hp9jkHxhMHkqkrB3Ix0jegS5sx/RkqARlsWZ6pIwiU=
github.com/matttproud/golang_protobuf_extensions v1.0.1/go.mod h1:D8He9yQNgCq6Z5Ld7szi9bcBfOoFv/3dc6xSMkL2PC0=
github.com/mhilton/openid v0.0.0-20150511103207-7922a4e937d8 h1:1MdhcwDp+uIJPcQPkVuwCNY43NMlElr/tIJ40HjPlpE=
github.com/mhilton/openid v0.0.0-20150511103207-7922a4e937d8/go.mod h1:Alv076OXc0MA78hV0BTU06FTh1Q9sWKk3Ru20SykbTA=
github.com/pmezard/go-difflib v1.0.0 h1:4DBwDE0NGyQoBHbLQYPwSUPoCMWR5BEzIk/f1lZbAQM=
github.com/pmezard/go-difflib v1.0.0/go.mod h1:iKH77koFhYxTK1pcRnkKkqfTogsbg7gZNVY4sRDYZ/4=
github.com/pquerna/cachecontrol v0.0.0-20160421231612-c97913dcbd76 h1:O60OlfVScwx/OixpMy8gIPeKNIN3bI9BrOuTIUexlbc=
github.com/pquerna/cachecontrol v0.0.0-20160421231612-c97913dcbd76/go.mod h1:prYjPmNq4d1NPVmpShWobRqXY3q7Vp+80DqgxxUrUIA=
github.com/prometheus/client_golang v0.0.0-20180319131721-d49167c4b9f3 h1:IlkKMWpcBADSCBBkzSukNTFPfhEV+3VyGN4b0Wc2IUA=
github.com/prometheus/client_golang v0.0.0-20180319131721-d49167c4b9f3/go.mod h1:7SWBe2y4D6OKWSNQJUaRYU/AaXPKyh/dDVn+NZz0KFw=
github.com/prometheus/client_model v0.0.0-20150212101744-fa8ad6fec335 h1:0E/5GnGmzoDCtmzTycjGDWW33H0UBmAhR0h+FC8hWLs=
github.com/prometheus/client_model v0.0.0-20150212101744-fa8ad6fec335/go.mod h1:MbSGuTsp3dbXC40dX6PRTWyKYBIrTGTE9sqQNg2J8bo=
github.com/prometheus/common v0.0.0-20160503220532-dd586c1c5abb h1:4nodWtieL+B8///SoWfGVctTGFgMsLRY5ilTNM86Vr8=
github.com/prometheus/common v0.0.0-20160503220532-dd586c1c5abb/go.mod h1:daVV7qP5qjZbuso7PdcryaAu0sAZbrN9i7WWcTMWvro=
github.com/prometheus/procfs v0.0.0-20160411190841-abf152e5f3e9 h1:ex32PG6WhE5zviWS08vcXTwX2IkaH9zpeYZZvrmj3/U=
github.com/prometheus/procfs v0.0.0-20160411190841-abf152e5f3e9/go.mod h1:c3At6R/oaqEKCNdg8wHV1ftS6bRYblBhIjjI8uT2IGk=
github.com/rogpeppe/fastuuid v0.0.0-20150106093220-6724a57986af h1:gu+uRPtBe88sKxUCEXRoeCvVG90TJmwhiqRpvdhQFng=
github.com/rogpeppe/fastuuid v0.0.0-20150106093220-6724a57986af/go.mod h1:XWv6SoW27p1b0cqNHllgS5HIMJraePCO15w5zCzIWYg=
github.com/stretchr/testify v1.2.2 h1:bSDNvY7ZPG5RlJ8otE/7V6gMiyenm9RtJ7IUVIAoJ1w=
github.com/stretchr/testify v1.2.2/go.mod h1:a8OnRcib4nhh0OaRAV+Yts87kKdq0PP7pXfy6kDkUVs=
github.com/yohcop/openid-go v0.0.0-20160304164425-f38c0087a377 h1:ZoJCXC1YYcRi75AHhziikNvxu0LbZU4qyRbmLY6Gjok=
github.com/yohcop/openid-go v0.0.0-20160304164425-f38c0087a377/go.mod h1:f6elajwZV+xceiaqgRL090YzLEDGSbqr3poGL3ZgXYo=
golang.org/x/crypto v0.0.0-20180308185624-c7dcf104e3a7/go.mod h1:6SG95UA2DQfeDnfUPMdvaQW0Q7yPrPDi9nlGo2tz2b4=
golang.org/x/crypto v0.0.0-20181009213950-7c1a557ab941 h1:qBTHLajHecfu+xzRI9PqVDcqx7SdHj9d4B+EzSn3tAc=
golang.org/x/crypto v0.0.0-20181009213950-7c1a557ab941/go.mod h1:6SG95UA2DQfeDnfUPMdvaQW0Q7yPrPDi9nlGo2tz2b4=
golang.org/x/net v0.0.0-20171107184841-a337091b0525/go.mod h1:mL1N/T3taQHkDXs73rZJwtUhF3w3ftmwwsq0BUmARs4=
golang.org/x/net v0.0.0-20180306060152-d25186b37f34/go.mod h1:mL1N/T3taQHkDXs73rZJwtUhF3w3ftmwwsq0BUmARs4=
golang.org/x/net v0.0.0-20180724234803-3673e40ba225/go.mod h1:mL1N/T3taQHkDXs73rZJwtUhF3w3ftmwwsq0BUmARs4=
golang.org/x/net v0.0.0-20181017193950-04a2e542c03f h1:4pRM7zYwpBjCnfA1jRmhItLxYJkaEnsmuAcRtA347DA=
golang.org/x/net v0.0.0-20181017193950-04a2e542c03f/go.mod h1:mL1N/T3taQHkDXs73rZJwtUhF3w3ftmwwsq0BUmARs4=
golang.org/x/oauth2 v0.0.0-20161219192954-314dd2c0bf3e h1:wi2MbNksVg5LWKnh8JcWVRoTvCU8FCXu4ZvWJQ7bERA=
golang.org/x/oauth2 v0.0.0-20161219192954-314dd2c0bf3e/go.mod h1:N/0e6XlmueqKjAGxoOufVs8QHGRruUQn6yWY3a++T0U=
golang.org/x/sync v0.0.0-20180314180146-1d60e4601c6f h1:wMNYb4v58l5UBM7MYRLPG6ZhfOqbKu7X5eyFl8ZhKvA=
golang.org/x/sync v0.0.0-20180314180146-1d60e4601c6f/go.mod h1:RxMgew5VJxzue5/jJTE5uejpjVlOe/izrB70Jof72aM=
golang.org/x/sys v0.0.0-20180308152046-7dca6fe1f437 h1:ybxsSLckDK17jUTy3W9NsUT/B/9ik5fJr1y8KnwJPZ4=
golang.org/x/sys v0.0.0-20180308152046-7dca6fe1f437/go.mod h1:STP8DvDyc/dI5b8T5hshtkjS+E42TnysNCUPdjciGhY=
golang.org/x/text v0.3.0/go.mod h1:NqM8EUOU14njkJ3fqMW+pc6Ldnwhi/IjpwHt7yyuwOQ=
google.golang.org/appengine v1.2.0 h1:S0iUepdCWODXRvtE+gcRDd15L+k+k1AiHlMiMjefH24=
google.golang.org/appengine v1.2.0/go.mod h1:xpcJRLb0r/rnEns0DIKYYv+WjYCduHsrkT7/EB5XEv4=
gopkg.in/CanonicalLtd/candidclient.v1 v1.1.0 h1:FpWlT+NgZM8o76/PYHpTykuFUpI51NQn+XsDctsTsFU=
gopkg.in/CanonicalLtd/candidclient.v1 v1.1.0/go.mod h1:jRYthByBMPbSI2ArLfEZjdiwWaBzAUhYsq4eWfpsv+c=
gopkg.in/asn1-ber.v1 v1.0.0-20170511165959-379148ca0225 h1:JBwmEvLfCqgPcIq8MjVMQxsF3LVL4XG/HH0qiG0+IFY=
gopkg.in/asn1-ber.v1 v1.0.0-20170511165959-379148ca0225/go.mod h1:cuepJuh7vyXfUyUwEgHQXw849cJrilpS5NeIjOWESAw=
gopkg.in/check.v1 v0.0.0-20161208181325-20d25e280405/go.mod h1:Co6ibVJAznAaIkqp8huTwlJQCZ016jof/cbN4VW5Yz0=
gopkg.in/check.v1 v1.0.0-20180628173108-788fd7840127 h1:qIbj1fsPNlZgppZ+VLlY7N33q108Sa+fhmuc+sWQYwY=
gopkg.in/check.v1 v1.0.0-20180628173108-788fd7840127/go.mod h1:Co6ibVJAznAaIkqp8huTwlJQCZ016jof/cbN4VW5Yz0=
gopkg.in/errgo.v1 v1.0.0-20161222125816-442357a80af5/go.mod h1:u0ALmqvLRxLI95fkdCEWrE6mhWYZW1aMOJHp5YXLHTg=
gopkg.in/errgo.v1 v1.0.0 h1:n+7XfCyygBFb8sEjg6692xjC6Us50TFRO54+xYUEwjE=
gopkg.in/errgo.v1 v1.0.0/go.mod h1:CxwszS/Xz1C49Ucd2i6Zil5UToP1EmyrFhKaMVbg1mk=
gopkg.in/goose.v1 v1.0.0-20161130145116-8f055ce635d6 h1:deAcL0D9tqowC4zIlaFW36XVeqsNBZEBxi6d4pHIJAI=
gopkg.in/goose.v1 v1.0.0-20161130145116-8f055ce635d6/go.mod h1:ZM14ECObhzpclsfV8uWsmADh80xveEXRV35GG4g+DHY=
gopkg.in/httprequest.v1 v1.0.0-20171212180935-fdaf1bffa255/go.mod h1:/CkavNL+g3qLOrpFHVrEx4NKepeqR4XTZWNj4sGGjz0=
gopkg.in/httprequest.v1 v1.1.2 h1:dxQgu0dVQ81s7iAUTYkT7xzxM3y9RkwVgN//UVjYruc=
gopkg.in/httprequest.v1 v1.1.2/go.mod h1:/CkavNL+g3qLOrpFHVrEx4NKepeqR4XTZWNj4sGGjz0=
gopkg.in/juju/environschema.v1 v1.0.0-20151104115810-7359fc7857ab h1:kygRC4uJrga6LigPehhgIF5yzml4GIv0Na2GeUHALQk=
gopkg.in/juju/environschema.v1 v1.0.0-20151104115810-7359fc7857ab/go.mod h1:Kq3Lf4sWr8hWSgxmDKY2Esv2Ab6zTgNk6uWyL9xC8ks=
gopkg.in/juju/names.v2 v2.0.0-20171113112047-54f00845ae47/go.mod h1:XXa/v5qG1IsStRg5KTE8JkDMndoDMOKH1YYw0jSUWaM=
gopkg.in/juju/names.v2 v2.0.0-20180621093930-fd59336b4621 h1:7IcAZvbCvk9R2jC+M0eA8RFKsYEYOvRejWLhUnKGWHU=
gopkg.in/juju/names.v2 v2.0.0-20180621093930-fd59336b4621/go.mod h1:XXa/v5qG1IsStRg5KTE8JkDMndoDMOKH1YYw0jSUWaM=
gopkg.in/ldap.v2 v2.5.0 h1:1rO3ojzsHUk+gq4ZYhC4Pg+EzWaaKIV8+DJwExS5/QQ=
gopkg.in/ldap.v2 v2.5.0/go.mod h1:oI0cpe/D7HRtBQl8aTg+ZmzFUAvu4lsv3eLXMLGFxWk=
gopkg.in/macaroon-bakery.v2 v2.0.0-20180323174221-4e2cb21b624f/go.mod h1:B4/T17l+ZWGwxFSZQmlBwp25x+og7OkhETfr3S9MbIA=
gopkg.in/macaroon-bakery.v2 v2.1.0 h1:9Jw/+9XHBSutkaeVpWhDx38IcSNLJwWUICkOK98DHls=
gopkg.in/macaroon-bakery.v2 v2.1.0/go.mod h1:B4/T17l+ZWGwxFSZQmlBwp25x+og7OkhETfr3S9MbIA=
gopkg.in/macaroon.v2 v2.0.0 h1:LVWycAfeJBUjCIqfR9gqlo7I8vmiXRr51YEOZ1suop8=
gopkg.in/macaroon.v2 v2.0.0/go.mod h1:+I6LnTMkm/uV5ew/0nsulNjL16SK4+C8yDmRUzHR17I=
gopkg.in/mgo.v2 v2.0.0-20160818020120-3f83fa500528/go.mod h1:yeKp02qBN3iKW1OzL3MGk2IdtZzaj7SFntXj72NppTA=
gopkg.in/mgo.v2 v2.0.0-20180705113604-9856a29383ce h1:xcEWjVhvbDy+nHP67nPDDpbYrY+ILlfndk4bRioVHaU=
gopkg.in/mgo.v2 v2.0.0-20180705113604-9856a29383ce/go.mod h1:yeKp02qBN3iKW1OzL3MGk2IdtZzaj7SFntXj72NppTA=
gopkg.in/natefinch/lumberjack.v2 v2.0.0-20170531180850-df99d62fd42d h1:OcCVYXNtNR0atgUveHvW25qtiCQv+2OqEUQ0SABShpE=
gopkg.in/natefinch/lumberjack.v2 v2.0.0-20170531180850-df99d62fd42d/go.mod h1:l0ndWWf7gzL7RNwBG7wST/UCcT4T24xpD6X8LsfU/+k=
gopkg.in/retry.v1 v1.0.0 h1:3Y8lgzJJvVGK8GKeiUhRpfNqdG3QLrCyVvubUVE4COg=
gopkg.in/retry.v1 v1.0.0/go.mod h1:vVowKz5q49oxHG8AyXjsr6MGDyX2pQRrhjrsAou+stU=
gopkg.in/square/go-jose.v2 v2.0.1 h1:gZT3DXbSZ9zWcsWSWmwhVNaw1AUugoSuiTMKtYFYQV8=
gopkg.in/square/go-jose.v2 v2.0.1/go.mod h1:M9dMgbHiYLoDGQrXy7OpJDJWiKiU//h+vD76mk0e1AI=
gopkg.in/tomb.v2 v2.0.0-20140626144623-14b3d72120e8 h1:EQ3aCG3c3nkUNxx6quE0Ux47RYExj7cJyRMxUXqPf6I=
gopkg.in/tomb.v2 v2.0.0-20140626144623-14b3d72120e8/go.mod h1:BHsqpu/nsuzkT5BpiH1EMZPLyqSMM8JbIavyFACoFNk=
gopkg.in/yaml.v2 v2.2.1 h1:mUhvW9EsL+naU5Q3cakzfE91YhliOondGd6ZrsDBHQE=
gopkg.in/yaml.v2 v2.2.1/go.mod h1:hI93XBmqTisBFMUTm0b8Fm+jr3Dg1NNxqwp+5A1VGuI=
launchpad.net/gocheck v0.0.0-20140225173054-000000000087 h1:Izowp2XBH6Ya6rv+hqbceQyw/gSGoXfH/UPoTGduL54=
launchpad.net/gocheck v0.0.0-20140225173054-000000000087/go.mod h1:hj7XX3B/0A+80Vse0e+BUHsHMTEhd0O4cpUHr/e/BUM=
launchpad.net/lpad v0.0.0-20131113112110-000000000065 h1:+DBKrw8upWjmF2616hr/qKeWjP/Gd/Wvdxf9b6wv7lI=
launchpad.net/lpad v0.0.0-20131113112110-000000000065/go.mod h1:cItrEkWN+F4fC6+HU9vEne57WkgMNe2aIWFFiYbvJ3M=
